
Microsoft Visual Studio Solution File, Format Version 12.00
# Visual Studio Version 17
VisualStudioVersion = 17.3.32825.248
MinimumVisualStudioVersion = 10.0.40219.1
Project("{FAE04EC0-301F-11D3-BF4B-00C04F79EFBC}") = "ImageFilters", "ImageFilters\ImageFilters.csproj", "{3065E49D-37F2-49D2-9293-2B3619C31DEC}"
EndProject
Global
	GlobalSection(SolutionConfigurationPlatforms) = preSolution
		Debug|Any CPU = Debug|Any CPU
		Release|Any CPU = Release|Any CPU
	EndGlobalSection
	GlobalSection(ProjectConfigurationPlatforms) = postSolution
		{3065E49D-37F2-49D2-9293-2B3619C31DEC}.Debug|Any CPU.ActiveCfg = Debug|Any CPU
		{3065E49D-37F2-49D2-9293-2B3619C31DEC}.Debug|Any CPU.Build.0 = Debug|Any CPU
		{3065E49D-37F2-49D2-9293-2B3619C31DEC}.Release|Any CPU.ActiveCfg = Release|Any CPU
		{3065E49D-37F2-49D2-9293-2B3619C31DEC}.Release|Any CPU.Build.0 = Release|Any CPU
	EndGlobalSection
	GlobalSection(SolutionProperties) = preSolution
		HideSolutionNode = FALSE
	EndGlobalSection
	GlobalSection(ExtensibilityGlobals) = postSolution
		SolutionGuid = {8212BE16-F53D-4253-AEB1-2CB5E12A2EAE}
	EndGlobalSection
EndGlobal
