
Microsoft Visual Studio Solution File, Format Version 12.00
# Visual Studio Version 16
VisualStudioVersion = 25.0.1704.2
MinimumVisualStudioVersion = 10.0.40219.1
Project("{FAE04EC0-301F-11D3-BF4B-00C04F79EFBC}") = "TestDAMNuget", "TestDAMNuget\TestDAMNuget.csproj", "{489DA7CE-788E-4A2D-9808-E2E057274BEF}"
EndProject
Global
	GlobalSection(SolutionConfigurationPlatforms) = preSolution
		Debug|Any CPU = Debug|Any CPU
		Release|Any CPU = Release|Any CPU
	EndGlobalSection
	GlobalSection(ProjectConfigurationPlatforms) = postSolution
		{489DA7CE-788E-4A2D-9808-E2E057274BEF}.Debug|Any CPU.ActiveCfg = Debug|Any CPU
		{489DA7CE-788E-4A2D-9808-E2E057274BEF}.Debug|Any CPU.Build.0 = Debug|Any CPU
		{489DA7CE-788E-4A2D-9808-E2E057274BEF}.Release|Any CPU.ActiveCfg = Release|Any CPU
		{489DA7CE-788E-4A2D-9808-E2E057274BEF}.Release|Any CPU.Build.0 = Release|Any CPU
	EndGlobalSection
	GlobalSection(SolutionProperties) = preSolution
		HideSolutionNode = FALSE
	EndGlobalSection
	GlobalSection(ExtensibilityGlobals) = postSolution
		SolutionGuid = {3E245927-C054-458A-9021-6A66E2C33FE5}
	EndGlobalSection
EndGlobal
