
Microsoft Visual Studio Solution File, Format Version 12.00
# Visual Studio Version 17
VisualStudioVersion = 17.4.33205.214
MinimumVisualStudioVersion = 10.0.40219.1
Project("{FAE04EC0-301F-11D3-BF4B-00C04F79EFBC}") = "PathFinding", "PathFinding\PathFinding.csproj", "{BEB6B87A-705B-411F-B104-B7FAF2A59570}"
EndProject
Global
	GlobalSection(SolutionConfigurationPlatforms) = preSolution
		Debug|Any CPU = Debug|Any CPU
		Release|Any CPU = Release|Any CPU
	EndGlobalSection
	GlobalSection(ProjectConfigurationPlatforms) = postSolution
		{BEB6B87A-705B-411F-B104-B7FAF2A59570}.Debug|Any CPU.ActiveCfg = Debug|Any CPU
		{BEB6B87A-705B-411F-B104-B7FAF2A59570}.Debug|Any CPU.Build.0 = Debug|Any CPU
		{BEB6B87A-705B-411F-B104-B7FAF2A59570}.Release|Any CPU.ActiveCfg = Release|Any CPU
		{BEB6B87A-705B-411F-B104-B7FAF2A59570}.Release|Any CPU.Build.0 = Release|Any CPU
	EndGlobalSection
	GlobalSection(SolutionProperties) = preSolution
		HideSolutionNode = FALSE
	EndGlobalSection
	GlobalSection(ExtensibilityGlobals) = postSolution
		SolutionGuid = {6D8052E6-B7BE-4D60-9F38-F0B2875478E7}
	EndGlobalSection
EndGlobal
