
Microsoft Visual Studio Solution File, Format Version 12.00
# Visual Studio Version 17
VisualStudioVersion = 17.4.33205.214
MinimumVisualStudioVersion = 10.0.40219.1
Project("{FAE04EC0-301F-11D3-BF4B-00C04F79EFBC}") = "ExamenAutosLocos", "ExamenAutosLocos\ExamenAutosLocos.csproj", "{9FECC87E-D2CB-48C1-8219-FDAA18C80B6B}"
EndProject
Global
	GlobalSection(SolutionConfigurationPlatforms) = preSolution
		Debug|Any CPU = Debug|Any CPU
		Release|Any CPU = Release|Any CPU
	EndGlobalSection
	GlobalSection(ProjectConfigurationPlatforms) = postSolution
		{9FECC87E-D2CB-48C1-8219-FDAA18C80B6B}.Debug|Any CPU.ActiveCfg = Debug|Any CPU
		{9FECC87E-D2CB-48C1-8219-FDAA18C80B6B}.Debug|Any CPU.Build.0 = Debug|Any CPU
		{9FECC87E-D2CB-48C1-8219-FDAA18C80B6B}.Release|Any CPU.ActiveCfg = Release|Any CPU
		{9FECC87E-D2CB-48C1-8219-FDAA18C80B6B}.Release|Any CPU.Build.0 = Release|Any CPU
	EndGlobalSection
	GlobalSection(SolutionProperties) = preSolution
		HideSolutionNode = FALSE
	EndGlobalSection
	GlobalSection(ExtensibilityGlobals) = postSolution
		SolutionGuid = {F24F1B24-14D0-45C4-AA9D-4CBF61AA90C9}
	EndGlobalSection
EndGlobal
