
Microsoft Visual Studio Solution File, Format Version 12.00
# Visual Studio Version 17
VisualStudioVersion = 17.3.32825.248
MinimumVisualStudioVersion = 10.0.40219.1
Project("{FAE04EC0-301F-11D3-BF4B-00C04F79EFBC}") = "CrazyCars", "CrazyCars\CrazyCars.csproj", "{FC80B648-D186-45BF-842C-007F19B36B7E}"
EndProject
Global
	GlobalSection(SolutionConfigurationPlatforms) = preSolution
		Debug|Any CPU = Debug|Any CPU
		Release|Any CPU = Release|Any CPU
	EndGlobalSection
	GlobalSection(ProjectConfigurationPlatforms) = postSolution
		{FC80B648-D186-45BF-842C-007F19B36B7E}.Debug|Any CPU.ActiveCfg = Debug|Any CPU
		{FC80B648-D186-45BF-842C-007F19B36B7E}.Debug|Any CPU.Build.0 = Debug|Any CPU
		{FC80B648-D186-45BF-842C-007F19B36B7E}.Release|Any CPU.ActiveCfg = Release|Any CPU
		{FC80B648-D186-45BF-842C-007F19B36B7E}.Release|Any CPU.Build.0 = Release|Any CPU
	EndGlobalSection
	GlobalSection(SolutionProperties) = preSolution
		HideSolutionNode = FALSE
	EndGlobalSection
	GlobalSection(ExtensibilityGlobals) = postSolution
		SolutionGuid = {A883D238-7DAF-4B6E-AD34-93CEEF42581C}
	EndGlobalSection
EndGlobal
