
Microsoft Visual Studio Solution File, Format Version 12.00
# Visual Studio Version 17
VisualStudioVersion = 17.3.32825.248
MinimumVisualStudioVersion = 10.0.40219.1
Project("{FAE04EC0-301F-11D3-BF4B-00C04F79EFBC}") = "wpf_test", "wpf_test\wpf_test.csproj", "{BAA0AA3C-E3C9-4C44-83A8-17C4C030B25F}"
EndProject
Project("{FAE04EC0-301F-11D3-BF4B-00C04F79EFBC}") = "testModel", "testModel\testModel.csproj", "{DF37BD9F-B208-4B05-AE01-0E9FB7196671}"
EndProject
Project("{FAE04EC0-301F-11D3-BF4B-00C04F79EFBC}") = "UnitTests", "UnitTests\UnitTests.csproj", "{F0587F5A-1700-4941-8E89-DA9205244420}"
EndProject
Global
	GlobalSection(SolutionConfigurationPlatforms) = preSolution
		Debug|Any CPU = Debug|Any CPU
		Release|Any CPU = Release|Any CPU
	EndGlobalSection
	GlobalSection(ProjectConfigurationPlatforms) = postSolution
		{BAA0AA3C-E3C9-4C44-83A8-17C4C030B25F}.Debug|Any CPU.ActiveCfg = Debug|Any CPU
		{BAA0AA3C-E3C9-4C44-83A8-17C4C030B25F}.Debug|Any CPU.Build.0 = Debug|Any CPU
		{BAA0AA3C-E3C9-4C44-83A8-17C4C030B25F}.Release|Any CPU.ActiveCfg = Release|Any CPU
		{BAA0AA3C-E3C9-4C44-83A8-17C4C030B25F}.Release|Any CPU.Build.0 = Release|Any CPU
		{DF37BD9F-B208-4B05-AE01-0E9FB7196671}.Debug|Any CPU.ActiveCfg = Debug|Any CPU
		{DF37BD9F-B208-4B05-AE01-0E9FB7196671}.Debug|Any CPU.Build.0 = Debug|Any CPU
		{DF37BD9F-B208-4B05-AE01-0E9FB7196671}.Release|Any CPU.ActiveCfg = Release|Any CPU
		{DF37BD9F-B208-4B05-AE01-0E9FB7196671}.Release|Any CPU.Build.0 = Release|Any CPU
		{F0587F5A-1700-4941-8E89-DA9205244420}.Debug|Any CPU.ActiveCfg = Debug|Any CPU
		{F0587F5A-1700-4941-8E89-DA9205244420}.Debug|Any CPU.Build.0 = Debug|Any CPU
		{F0587F5A-1700-4941-8E89-DA9205244420}.Release|Any CPU.ActiveCfg = Release|Any CPU
		{F0587F5A-1700-4941-8E89-DA9205244420}.Release|Any CPU.Build.0 = Release|Any CPU
	EndGlobalSection
	GlobalSection(SolutionProperties) = preSolution
		HideSolutionNode = FALSE
	EndGlobalSection
	GlobalSection(ExtensibilityGlobals) = postSolution
		SolutionGuid = {1B60D93D-7867-43DC-9D75-E39C1D853831}
	EndGlobalSection
EndGlobal
